
Microsoft Visual Studio Solution File, Format Version 12.00
# Visual Studio Version 17
VisualStudioVersion = 17.5.2.0
MinimumVisualStudioVersion = 10.0.40219.1
Project("{2150E333-8FDC-42A3-9474-1A3956D46DE8}") = "N_back_test", "N_back_test", "{615C63D4-402C-9CCB-D36C-EA8E340E9615}"
EndProject
Project("{FAE04EC0-301F-11D3-BF4B-00C04F79EFBC}") = "Assembly-CSharp", "N_back_test\Assembly-CSharp.csproj", "{DB306AEE-6B2D-C6E4-CC9F-B7966520E7E7}"
EndProject
Project("{FAE04EC0-301F-11D3-BF4B-00C04F79EFBC}") = "Unity.XR.Hands.Samples.VisualizerSample", "N_back_test\Unity.XR.Hands.Samples.VisualizerSample.csproj", "{6F6DCE7C-C923-C706-A12F-A96B3644E462}"
EndProject
Project("{FAE04EC0-301F-11D3-BF4B-00C04F79EFBC}") = "Unity.XR.Interaction.Toolkit.Samples.Hands", "N_back_test\Unity.XR.Interaction.Toolkit.Samples.Hands.csproj", "{605D68A0-6897-1E42-91F8-BEB9A7DD1C1A}"
EndProject
Project("{FAE04EC0-301F-11D3-BF4B-00C04F79EFBC}") = "Unity.XR.Interaction.Toolkit.Samples.Hands.Editor", "N_back_test\Unity.XR.Interaction.Toolkit.Samples.Hands.Editor.csproj", "{393330C5-776A-FE83-A71B-20C411B0CF66}"
EndProject
Project("{FAE04EC0-301F-11D3-BF4B-00C04F79EFBC}") = "Unity.XR.Interaction.Toolkit.Samples.StarterAssets", "N_back_test\Unity.XR.Interaction.Toolkit.Samples.StarterAssets.csproj", "{CA3265B6-1B48-AE34-A836-F3DACF427FA7}"
EndProject
Project("{FAE04EC0-301F-11D3-BF4B-00C04F79EFBC}") = "Unity.XR.Interaction.Toolkit.Samples.StarterAssets.Editor", "N_back_test\Unity.XR.Interaction.Toolkit.Samples.StarterAssets.Editor.csproj", "{AF79BB5E-7489-7F71-22CE-775A8BB096AC}"
EndProject
Project("{FAE04EC0-301F-11D3-BF4B-00C04F79EFBC}") = "Unity.TestTools.CodeCoverage.Editor.OpenCover.Mono.Reflection", "N_back_test\Unity.TestTools.CodeCoverage.Editor.OpenCover.Mono.Reflection.csproj", "{17DA29A7-0F63-432F-BA22-637468112DCF}"
EndProject
Project("{FAE04EC0-301F-11D3-BF4B-00C04F79EFBC}") = "UnityEditor.UI", "N_back_test\UnityEditor.UI.csproj", "{F25D7584-FAA5-46A2-94A5-C5A1D706154F}"
EndProject
Project("{FAE04EC0-301F-11D3-BF4B-00C04F79EFBC}") = "UnityEngine.UI", "N_back_test\UnityEngine.UI.csproj", "{93992486-6DB2-469A-87DF-04C8519E2596}"
EndProject
Project("{FAE04EC0-301F-11D3-BF4B-00C04F79EFBC}") = "UnityEditor.TestRunner", "N_back_test\UnityEditor.TestRunner.csproj", "{45ED47E8-97D8-455A-8C5B-08C70F1B0263}"
EndProject
Project("{FAE04EC0-301F-11D3-BF4B-00C04F79EFBC}") = "UnityEngine.TestRunner", "N_back_test\UnityEngine.TestRunner.csproj", "{F13AA26E-928F-4FA2-8A17-C8180506C8CA}"
EndProject
Project("{FAE04EC0-301F-11D3-BF4B-00C04F79EFBC}") = "Unity.RenderPipelines.Universal.2D.Editor.Overrides", "N_back_test\Unity.RenderPipelines.Universal.2D.Editor.Overrides.csproj", "{CD4652C3-18F7-416D-A522-13BF93C03E92}"
EndProject
Project("{FAE04EC0-301F-11D3-BF4B-00C04F79EFBC}") = "Unity.RenderPipelines.Universal.Runtime", "N_back_test\Unity.RenderPipelines.Universal.Runtime.csproj", "{DA472063-EC06-42B0-BA13-898E4902A661}"
EndProject
Project("{FAE04EC0-301F-11D3-BF4B-00C04F79EFBC}") = "Unity.RenderPipelines.Core.Runtime", "N_back_test\Unity.RenderPipelines.Core.Runtime.csproj", "{3D4F0A87-7C4C-444A-BC2D-5F584546A9FF}"
EndProject
Project("{FAE04EC0-301F-11D3-BF4B-00C04F79EFBC}") = "Unity.InputSystem", "N_back_test\Unity.InputSystem.csproj", "{A1BA335F-54E9-48CE-A63B-071FD75BF536}"
EndProject
Project("{FAE04EC0-301F-11D3-BF4B-00C04F79EFBC}") = "Unity.Mathematics", "N_back_test\Unity.Mathematics.csproj", "{7DCCF028-9612-4B7E-9174-7BDB4E7F85E6}"
EndProject
Project("{FAE04EC0-301F-11D3-BF4B-00C04F79EFBC}") = "Unity.Collections", "N_back_test\Unity.Collections.csproj", "{D60C798A-1FAF-49DA-8758-62BDA03D4231}"
EndProject
Project("{FAE04EC0-301F-11D3-BF4B-00C04F79EFBC}") = "Unity.Burst", "N_back_test\Unity.Burst.csproj", "{3BD7B515-850C-463A-823D-66F03C4F45F5}"
EndProject
Project("{FAE04EC0-301F-11D3-BF4B-00C04F79EFBC}") = "Unity.RenderPipelines.Core.Runtime.Shared", "N_back_test\Unity.RenderPipelines.Core.Runtime.Shared.csproj", "{084E167A-7A6F-4732-9A80-143BE9B810A6}"
EndProject
Project("{FAE04EC0-301F-11D3-BF4B-00C04F79EFBC}") = "Unity.RenderPipeline.Universal.ShaderLibrary", "N_back_test\Unity.RenderPipeline.Universal.ShaderLibrary.csproj", "{1C7A3C22-C9C6-44C4-A412-BCF574D24E5D}"
EndProject
Project("{FAE04EC0-301F-11D3-BF4B-00C04F79EFBC}") = "Unity.RenderPipelines.GPUDriven.Runtime", "N_back_test\Unity.RenderPipelines.GPUDriven.Runtime.csproj", "{69D75509-C82D-4851-84E3-80DAAE51CC9D}"
EndProject
Project("{FAE04EC0-301F-11D3-BF4B-00C04F79EFBC}") = "Unity.RenderPipelines.Universal.Config.Runtime", "N_back_test\Unity.RenderPipelines.Universal.Config.Runtime.csproj", "{288B1A77-DF8F-4523-A084-45F4A2BC5576}"
EndProject
Project("{FAE04EC0-301F-11D3-BF4B-00C04F79EFBC}") = "Unity.UnifiedRayTracing.Runtime", "N_back_test\Unity.UnifiedRayTracing.Runtime.csproj", "{A77045A8-BC21-4755-A716-27B94F1A46D0}"
EndProject
Project("{FAE04EC0-301F-11D3-BF4B-00C04F79EFBC}") = "Unity.RenderPipelines.Core.Editor", "N_back_test\Unity.RenderPipelines.Core.Editor.csproj", "{5F18C3BA-FA50-4B2F-A9C5-5A9C704F5E1E}"
EndProject
Project("{FAE04EC0-301F-11D3-BF4B-00C04F79EFBC}") = "Unity.RenderPipelines.Core.Editor.Shared", "N_back_test\Unity.RenderPipelines.Core.Editor.Shared.csproj", "{749B44D6-C1D6-49E3-B4F5-7497394AF74D}"
EndProject
Project("{FAE04EC0-301F-11D3-BF4B-00C04F79EFBC}") = "Unity.ShaderGraph.Editor", "N_back_test\Unity.ShaderGraph.Editor.csproj", "{C1666D9D-74BB-46A8-A268-392B95DF28CB}"
EndProject
Project("{FAE04EC0-301F-11D3-BF4B-00C04F79EFBC}") = "Unity.ShaderGraph.Utilities", "N_back_test\Unity.ShaderGraph.Utilities.csproj", "{BE842C76-C729-41CB-A6E6-B3C964225D06}"
EndProject
Project("{FAE04EC0-301F-11D3-BF4B-00C04F79EFBC}") = "Unity.Searcher.Editor", "N_back_test\Unity.Searcher.Editor.csproj", "{2FB1A1B5-C2A2-4302-B960-B76EC8971B5F}"
EndProject
Project("{FAE04EC0-301F-11D3-BF4B-00C04F79EFBC}") = "Unity.Burst.Editor", "N_back_test\Unity.Burst.Editor.csproj", "{84E3DAD7-1D3D-462D-8CB3-4F01C60B4B23}"
EndProject
Project("{FAE04EC0-301F-11D3-BF4B-00C04F79EFBC}") = "Unity.Mathematics.Editor", "N_back_test\Unity.Mathematics.Editor.csproj", "{44A7F47F-1EA8-45DC-8C91-4B513EF8DDE0}"
EndProject
Project("{FAE04EC0-301F-11D3-BF4B-00C04F79EFBC}") = "Unity.XR.Management.Editor", "N_back_test\Unity.XR.Management.Editor.csproj", "{33006559-6A79-41D8-BC25-7EDA9EC0C46D}"
EndProject
Project("{FAE04EC0-301F-11D3-BF4B-00C04F79EFBC}") = "Unity.XR.CoreUtils.Editor", "N_back_test\Unity.XR.CoreUtils.Editor.csproj", "{7CF03AAD-F536-4C94-BCBF-0C66497452FD}"
EndProject
Project("{FAE04EC0-301F-11D3-BF4B-00C04F79EFBC}") = "Unity.XR.CoreUtils", "N_back_test\Unity.XR.CoreUtils.csproj", "{A5759BF3-1D62-46D9-8784-22FB0D1A830C}"
EndProject
Project("{FAE04EC0-301F-11D3-BF4B-00C04F79EFBC}") = "UnityEngine.SpatialTracking", "N_back_test\UnityEngine.SpatialTracking.csproj", "{A89719CE-3323-4CA8-B9E4-C490AEEF5E0C}"
EndProject
Project("{FAE04EC0-301F-11D3-BF4B-00C04F79EFBC}") = "Unity.XR.Management", "N_back_test\Unity.XR.Management.csproj", "{C68CED61-EE2F-4025-88B1-5504A2019AB8}"
EndProject
Project("{FAE04EC0-301F-11D3-BF4B-00C04F79EFBC}") = "Unity.RenderPipelines.Universal.2D.Runtime", "N_back_test\Unity.RenderPipelines.Universal.2D.Runtime.csproj", "{E40660B6-8910-405B-8B5D-814E981D31BE}"
EndProject
Project("{FAE04EC0-301F-11D3-BF4B-00C04F79EFBC}") = "Unity.Timeline", "N_back_test\Unity.Timeline.csproj", "{D57F8C95-CEBD-4ECE-8724-ADE07F8498B2}"
EndProject
Project("{FAE04EC0-301F-11D3-BF4B-00C04F79EFBC}") = "Unity.XR.Hands", "N_back_test\Unity.XR.Hands.csproj", "{1B01BD32-97B4-436A-9E09-8CF79D20C6CB}"
EndProject
Project("{FAE04EC0-301F-11D3-BF4B-00C04F79EFBC}") = "Unity.XR.OpenXR", "N_back_test\Unity.XR.OpenXR.csproj", "{94D9F537-195B-49C1-BC66-50423F969CC1}"
EndProject
Project("{FAE04EC0-301F-11D3-BF4B-00C04F79EFBC}") = "Unity.XR.OpenXR.Features.OculusQuestSupport", "N_back_test\Unity.XR.OpenXR.Features.OculusQuestSupport.csproj", "{5645BE60-2E5E-4CA5-9C0B-05E68A63DA02}"
EndProject
Project("{FAE04EC0-301F-11D3-BF4B-00C04F79EFBC}") = "Unity.XR.OpenXR.Features.MetaQuestSupport", "N_back_test\Unity.XR.OpenXR.Features.MetaQuestSupport.csproj", "{702CB6C2-BCE2-46FA-8AE6-354A3F5B134D}"
EndProject
Project("{FAE04EC0-301F-11D3-BF4B-00C04F79EFBC}") = "Unity.Settings.Editor", "N_back_test\Unity.Settings.Editor.csproj", "{F62E1FD4-8982-48BB-9205-414CE0555EB2}"
EndProject
Project("{FAE04EC0-301F-11D3-BF4B-00C04F79EFBC}") = "PPv2URPConverters", "N_back_test\PPv2URPConverters.csproj", "{F88EBA73-5EBC-45D5-A763-55AB84FFC16D}"
EndProject
Project("{FAE04EC0-301F-11D3-BF4B-00C04F79EFBC}") = "Unity.RenderPipelines.Universal.Editor", "N_back_test\Unity.RenderPipelines.Universal.Editor.csproj", "{92399D11-749B-4135-A432-1E3F75240B78}"
EndProject
Project("{FAE04EC0-301F-11D3-BF4B-00C04F79EFBC}") = "Unity.Collections.Editor", "N_back_test\Unity.Collections.Editor.csproj", "{C0E3E854-04F6-473D-81A8-3546A73C84EB}"
EndProject
Project("{FAE04EC0-301F-11D3-BF4B-00C04F79EFBC}") = "Unity.XR.ARSubsystems.Editor", "N_back_test\Unity.XR.ARSubsystems.Editor.csproj", "{A2F5D87C-43C4-4759-8F57-C76D1B86CC29}"
EndProject
Project("{FAE04EC0-301F-11D3-BF4B-00C04F79EFBC}") = "Unity.XR.ARSubsystems", "N_back_test\Unity.XR.ARSubsystems.csproj", "{CEF98A49-8E36-4A11-B049-0EE708E49E51}"
EndProject
Project("{FAE04EC0-301F-11D3-BF4B-00C04F79EFBC}") = "Unity.InputSystem.ForUI", "N_back_test\Unity.InputSystem.ForUI.csproj", "{BB3827FE-7DF6-4879-9304-2E0ABAD5AD52}"
EndProject
Global
	GlobalSection(SolutionConfigurationPlatforms) = preSolution
		Debug|Any CPU = Debug|Any CPU
		Debug|x64 = Debug|x64
		Debug|x86 = Debug|x86
		Release|Any CPU = Release|Any CPU
		Release|x64 = Release|x64
		Release|x86 = Release|x86
	EndGlobalSection
	GlobalSection(ProjectConfigurationPlatforms) = postSolution
		{DB306AEE-6B2D-C6E4-CC9F-B7966520E7E7}.Debug|Any CPU.ActiveCfg = Debug|Any CPU
		{DB306AEE-6B2D-C6E4-CC9F-B7966520E7E7}.Debug|Any CPU.Build.0 = Debug|Any CPU
		{DB306AEE-6B2D-C6E4-CC9F-B7966520E7E7}.Debug|x64.ActiveCfg = Debug|Any CPU
		{DB306AEE-6B2D-C6E4-CC9F-B7966520E7E7}.Debug|x64.Build.0 = Debug|Any CPU
		{DB306AEE-6B2D-C6E4-CC9F-B7966520E7E7}.Debug|x86.ActiveCfg = Debug|Any CPU
		{DB306AEE-6B2D-C6E4-CC9F-B7966520E7E7}.Debug|x86.Build.0 = Debug|Any CPU
		{DB306AEE-6B2D-C6E4-CC9F-B7966520E7E7}.Release|Any CPU.ActiveCfg = Release|Any CPU
		{DB306AEE-6B2D-C6E4-CC9F-B7966520E7E7}.Release|Any CPU.Build.0 = Release|Any CPU
		{DB306AEE-6B2D-C6E4-CC9F-B7966520E7E7}.Release|x64.ActiveCfg = Release|Any CPU
		{DB306AEE-6B2D-C6E4-CC9F-B7966520E7E7}.Release|x64.Build.0 = Release|Any CPU
		{DB306AEE-6B2D-C6E4-CC9F-B7966520E7E7}.Release|x86.ActiveCfg = Release|Any CPU
		{DB306AEE-6B2D-C6E4-CC9F-B7966520E7E7}.Release|x86.Build.0 = Release|Any CPU
		{6F6DCE7C-C923-C706-A12F-A96B3644E462}.Debug|Any CPU.ActiveCfg = Debug|Any CPU
		{6F6DCE7C-C923-C706-A12F-A96B3644E462}.Debug|Any CPU.Build.0 = Debug|Any CPU
		{6F6DCE7C-C923-C706-A12F-A96B3644E462}.Debug|x64.ActiveCfg = Debug|Any CPU
		{6F6DCE7C-C923-C706-A12F-A96B3644E462}.Debug|x64.Build.0 = Debug|Any CPU
		{6F6DCE7C-C923-C706-A12F-A96B3644E462}.Debug|x86.ActiveCfg = Debug|Any CPU
		{6F6DCE7C-C923-C706-A12F-A96B3644E462}.Debug|x86.Build.0 = Debug|Any CPU
		{6F6DCE7C-C923-C706-A12F-A96B3644E462}.Release|Any CPU.ActiveCfg = Release|Any CPU
		{6F6DCE7C-C923-C706-A12F-A96B3644E462}.Release|Any CPU.Build.0 = Release|Any CPU
		{6F6DCE7C-C923-C706-A12F-A96B3644E462}.Release|x64.ActiveCfg = Release|Any CPU
		{6F6DCE7C-C923-C706-A12F-A96B3644E462}.Release|x64.Build.0 = Release|Any CPU
		{6F6DCE7C-C923-C706-A12F-A96B3644E462}.Release|x86.ActiveCfg = Release|Any CPU
		{6F6DCE7C-C923-C706-A12F-A96B3644E462}.Release|x86.Build.0 = Release|Any CPU
		{605D68A0-6897-1E42-91F8-BEB9A7DD1C1A}.Debug|Any CPU.ActiveCfg = Debug|Any CPU
		{605D68A0-6897-1E42-91F8-BEB9A7DD1C1A}.Debug|Any CPU.Build.0 = Debug|Any CPU
		{605D68A0-6897-1E42-91F8-BEB9A7DD1C1A}.Debug|x64.ActiveCfg = Debug|Any CPU
		{605D68A0-6897-1E42-91F8-BEB9A7DD1C1A}.Debug|x64.Build.0 = Debug|Any CPU
		{605D68A0-6897-1E42-91F8-BEB9A7DD1C1A}.Debug|x86.ActiveCfg = Debug|Any CPU
		{605D68A0-6897-1E42-91F8-BEB9A7DD1C1A}.Debug|x86.Build.0 = Debug|Any CPU
		{605D68A0-6897-1E42-91F8-BEB9A7DD1C1A}.Release|Any CPU.ActiveCfg = Release|Any CPU
		{605D68A0-6897-1E42-91F8-BEB9A7DD1C1A}.Release|Any CPU.Build.0 = Release|Any CPU
		{605D68A0-6897-1E42-91F8-BEB9A7DD1C1A}.Release|x64.ActiveCfg = Release|Any CPU
		{605D68A0-6897-1E42-91F8-BEB9A7DD1C1A}.Release|x64.Build.0 = Release|Any CPU
		{605D68A0-6897-1E42-91F8-BEB9A7DD1C1A}.Release|x86.ActiveCfg = Release|Any CPU
		{605D68A0-6897-1E42-91F8-BEB9A7DD1C1A}.Release|x86.Build.0 = Release|Any CPU
		{393330C5-776A-FE83-A71B-20C411B0CF66}.Debug|Any CPU.ActiveCfg = Debug|Any CPU
		{393330C5-776A-FE83-A71B-20C411B0CF66}.Debug|Any CPU.Build.0 = Debug|Any CPU
		{393330C5-776A-FE83-A71B-20C411B0CF66}.Debug|x64.ActiveCfg = Debug|Any CPU
		{393330C5-776A-FE83-A71B-20C411B0CF66}.Debug|x64.Build.0 = Debug|Any CPU
		{393330C5-776A-FE83-A71B-20C411B0CF66}.Debug|x86.ActiveCfg = Debug|Any CPU
		{393330C5-776A-FE83-A71B-20C411B0CF66}.Debug|x86.Build.0 = Debug|Any CPU
		{393330C5-776A-FE83-A71B-20C411B0CF66}.Release|Any CPU.ActiveCfg = Release|Any CPU
		{393330C5-776A-FE83-A71B-20C411B0CF66}.Release|Any CPU.Build.0 = Release|Any CPU
		{393330C5-776A-FE83-A71B-20C411B0CF66}.Release|x64.ActiveCfg = Release|Any CPU
		{393330C5-776A-FE83-A71B-20C411B0CF66}.Release|x64.Build.0 = Release|Any CPU
		{393330C5-776A-FE83-A71B-20C411B0CF66}.Release|x86.ActiveCfg = Release|Any CPU
		{393330C5-776A-FE83-A71B-20C411B0CF66}.Release|x86.Build.0 = Release|Any CPU
		{CA3265B6-1B48-AE34-A836-F3DACF427FA7}.Debug|Any CPU.ActiveCfg = Debug|Any CPU
		{CA3265B6-1B48-AE34-A836-F3DACF427FA7}.Debug|Any CPU.Build.0 = Debug|Any CPU
		{CA3265B6-1B48-AE34-A836-F3DACF427FA7}.Debug|x64.ActiveCfg = Debug|Any CPU
		{CA3265B6-1B48-AE34-A836-F3DACF427FA7}.Debug|x64.Build.0 = Debug|Any CPU
		{CA3265B6-1B48-AE34-A836-F3DACF427FA7}.Debug|x86.ActiveCfg = Debug|Any CPU
		{CA3265B6-1B48-AE34-A836-F3DACF427FA7}.Debug|x86.Build.0 = Debug|Any CPU
		{CA3265B6-1B48-AE34-A836-F3DACF427FA7}.Release|Any CPU.ActiveCfg = Release|Any CPU
		{CA3265B6-1B48-AE34-A836-F3DACF427FA7}.Release|Any CPU.Build.0 = Release|Any CPU
		{CA3265B6-1B48-AE34-A836-F3DACF427FA7}.Release|x64.ActiveCfg = Release|Any CPU
		{CA3265B6-1B48-AE34-A836-F3DACF427FA7}.Release|x64.Build.0 = Release|Any CPU
		{CA3265B6-1B48-AE34-A836-F3DACF427FA7}.Release|x86.ActiveCfg = Release|Any CPU
		{CA3265B6-1B48-AE34-A836-F3DACF427FA7}.Release|x86.Build.0 = Release|Any CPU
		{AF79BB5E-7489-7F71-22CE-775A8BB096AC}.Debug|Any CPU.ActiveCfg = Debug|Any CPU
		{AF79BB5E-7489-7F71-22CE-775A8BB096AC}.Debug|Any CPU.Build.0 = Debug|Any CPU
		{AF79BB5E-7489-7F71-22CE-775A8BB096AC}.Debug|x64.ActiveCfg = Debug|Any CPU
		{AF79BB5E-7489-7F71-22CE-775A8BB096AC}.Debug|x64.Build.0 = Debug|Any CPU
		{AF79BB5E-7489-7F71-22CE-775A8BB096AC}.Debug|x86.ActiveCfg = Debug|Any CPU
		{AF79BB5E-7489-7F71-22CE-775A8BB096AC}.Debug|x86.Build.0 = Debug|Any CPU
		{AF79BB5E-7489-7F71-22CE-775A8BB096AC}.Release|Any CPU.ActiveCfg = Release|Any CPU
		{AF79BB5E-7489-7F71-22CE-775A8BB096AC}.Release|Any CPU.Build.0 = Release|Any CPU
		{AF79BB5E-7489-7F71-22CE-775A8BB096AC}.Release|x64.ActiveCfg = Release|Any CPU
		{AF79BB5E-7489-7F71-22CE-775A8BB096AC}.Release|x64.Build.0 = Release|Any CPU
		{AF79BB5E-7489-7F71-22CE-775A8BB096AC}.Release|x86.ActiveCfg = Release|Any CPU
		{AF79BB5E-7489-7F71-22CE-775A8BB096AC}.Release|x86.Build.0 = Release|Any CPU
		{17DA29A7-0F63-432F-BA22-637468112DCF}.Debug|Any CPU.ActiveCfg = Debug|Any CPU
		{17DA29A7-0F63-432F-BA22-637468112DCF}.Debug|Any CPU.Build.0 = Debug|Any CPU
		{17DA29A7-0F63-432F-BA22-637468112DCF}.Debug|x64.ActiveCfg = Debug|Any CPU
		{17DA29A7-0F63-432F-BA22-637468112DCF}.Debug|x64.Build.0 = Debug|Any CPU
		{17DA29A7-0F63-432F-BA22-637468112DCF}.Debug|x86.ActiveCfg = Debug|Any CPU
		{17DA29A7-0F63-432F-BA22-637468112DCF}.Debug|x86.Build.0 = Debug|Any CPU
		{17DA29A7-0F63-432F-BA22-637468112DCF}.Release|Any CPU.ActiveCfg = Release|Any CPU
		{17DA29A7-0F63-432F-BA22-637468112DCF}.Release|Any CPU.Build.0 = Release|Any CPU
		{17DA29A7-0F63-432F-BA22-637468112DCF}.Release|x64.ActiveCfg = Release|Any CPU
		{17DA29A7-0F63-432F-BA22-637468112DCF}.Release|x64.Build.0 = Release|Any CPU
		{17DA29A7-0F63-432F-BA22-637468112DCF}.Release|x86.ActiveCfg = Release|Any CPU
		{17DA29A7-0F63-432F-BA22-637468112DCF}.Release|x86.Build.0 = Release|Any CPU
		{F25D7584-FAA5-46A2-94A5-C5A1D706154F}.Debug|Any CPU.ActiveCfg = Debug|Any CPU
		{F25D7584-FAA5-46A2-94A5-C5A1D706154F}.Debug|Any CPU.Build.0 = Debug|Any CPU
		{F25D7584-FAA5-46A2-94A5-C5A1D706154F}.Debug|x64.ActiveCfg = Debug|Any CPU
		{F25D7584-FAA5-46A2-94A5-C5A1D706154F}.Debug|x64.Build.0 = Debug|Any CPU
		{F25D7584-FAA5-46A2-94A5-C5A1D706154F}.Debug|x86.ActiveCfg = Debug|Any CPU
		{F25D7584-FAA5-46A2-94A5-C5A1D706154F}.Debug|x86.Build.0 = Debug|Any CPU
		{F25D7584-FAA5-46A2-94A5-C5A1D706154F}.Release|Any CPU.ActiveCfg = Release|Any CPU
		{F25D7584-FAA5-46A2-94A5-C5A1D706154F}.Release|Any CPU.Build.0 = Release|Any CPU
		{F25D7584-FAA5-46A2-94A5-C5A1D706154F}.Release|x64.ActiveCfg = Release|Any CPU
		{F25D7584-FAA5-46A2-94A5-C5A1D706154F}.Release|x64.Build.0 = Release|Any CPU
		{F25D7584-FAA5-46A2-94A5-C5A1D706154F}.Release|x86.ActiveCfg = Release|Any CPU
		{F25D7584-FAA5-46A2-94A5-C5A1D706154F}.Release|x86.Build.0 = Release|Any CPU
		{93992486-6DB2-469A-87DF-04C8519E2596}.Debug|Any CPU.ActiveCfg = Debug|Any CPU
		{93992486-6DB2-469A-87DF-04C8519E2596}.Debug|Any CPU.Build.0 = Debug|Any CPU
		{93992486-6DB2-469A-87DF-04C8519E2596}.Debug|x64.ActiveCfg = Debug|Any CPU
		{93992486-6DB2-469A-87DF-04C8519E2596}.Debug|x64.Build.0 = Debug|Any CPU
		{93992486-6DB2-469A-87DF-04C8519E2596}.Debug|x86.ActiveCfg = Debug|Any CPU
		{93992486-6DB2-469A-87DF-04C8519E2596}.Debug|x86.Build.0 = Debug|Any CPU
		{93992486-6DB2-469A-87DF-04C8519E2596}.Release|Any CPU.ActiveCfg = Release|Any CPU
		{93992486-6DB2-469A-87DF-04C8519E2596}.Release|Any CPU.Build.0 = Release|Any CPU
		{93992486-6DB2-469A-87DF-04C8519E2596}.Release|x64.ActiveCfg = Release|Any CPU
		{93992486-6DB2-469A-87DF-04C8519E2596}.Release|x64.Build.0 = Release|Any CPU
		{93992486-6DB2-469A-87DF-04C8519E2596}.Release|x86.ActiveCfg = Release|Any CPU
		{93992486-6DB2-469A-87DF-04C8519E2596}.Release|x86.Build.0 = Release|Any CPU
		{45ED47E8-97D8-455A-8C5B-08C70F1B0263}.Debug|Any CPU.ActiveCfg = Debug|Any CPU
		{45ED47E8-97D8-455A-8C5B-08C70F1B0263}.Debug|Any CPU.Build.0 = Debug|Any CPU
		{45ED47E8-97D8-455A-8C5B-08C70F1B0263}.Debug|x64.ActiveCfg = Debug|Any CPU
		{45ED47E8-97D8-455A-8C5B-08C70F1B0263}.Debug|x64.Build.0 = Debug|Any CPU
		{45ED47E8-97D8-455A-8C5B-08C70F1B0263}.Debug|x86.ActiveCfg = Debug|Any CPU
		{45ED47E8-97D8-455A-8C5B-08C70F1B0263}.Debug|x86.Build.0 = Debug|Any CPU
		{45ED47E8-97D8-455A-8C5B-08C70F1B0263}.Release|Any CPU.ActiveCfg = Release|Any CPU
		{45ED47E8-97D8-455A-8C5B-08C70F1B0263}.Release|Any CPU.Build.0 = Release|Any CPU
		{45ED47E8-97D8-455A-8C5B-08C70F1B0263}.Release|x64.ActiveCfg = Release|Any CPU
		{45ED47E8-97D8-455A-8C5B-08C70F1B0263}.Release|x64.Build.0 = Release|Any CPU
		{45ED47E8-97D8-455A-8C5B-08C70F1B0263}.Release|x86.ActiveCfg = Release|Any CPU
		{45ED47E8-97D8-455A-8C5B-08C70F1B0263}.Release|x86.Build.0 = Release|Any CPU
		{F13AA26E-928F-4FA2-8A17-C8180506C8CA}.Debug|Any CPU.ActiveCfg = Debug|Any CPU
		{F13AA26E-928F-4FA2-8A17-C8180506C8CA}.Debug|Any CPU.Build.0 = Debug|Any CPU
		{F13AA26E-928F-4FA2-8A17-C8180506C8CA}.Debug|x64.ActiveCfg = Debug|Any CPU
		{F13AA26E-928F-4FA2-8A17-C8180506C8CA}.Debug|x64.Build.0 = Debug|Any CPU
		{F13AA26E-928F-4FA2-8A17-C8180506C8CA}.Debug|x86.ActiveCfg = Debug|Any CPU
		{F13AA26E-928F-4FA2-8A17-C8180506C8CA}.Debug|x86.Build.0 = Debug|Any CPU
		{F13AA26E-928F-4FA2-8A17-C8180506C8CA}.Release|Any CPU.ActiveCfg = Release|Any CPU
		{F13AA26E-928F-4FA2-8A17-C8180506C8CA}.Release|Any CPU.Build.0 = Release|Any CPU
		{F13AA26E-928F-4FA2-8A17-C8180506C8CA}.Release|x64.ActiveCfg = Release|Any CPU
		{F13AA26E-928F-4FA2-8A17-C8180506C8CA}.Release|x64.Build.0 = Release|Any CPU
		{F13AA26E-928F-4FA2-8A17-C8180506C8CA}.Release|x86.ActiveCfg = Release|Any CPU
		{F13AA26E-928F-4FA2-8A17-C8180506C8CA}.Release|x86.Build.0 = Release|Any CPU
		{CD4652C3-18F7-416D-A522-13BF93C03E92}.Debug|Any CPU.ActiveCfg = Debug|Any CPU
		{CD4652C3-18F7-416D-A522-13BF93C03E92}.Debug|Any CPU.Build.0 = Debug|Any CPU
		{CD4652C3-18F7-416D-A522-13BF93C03E92}.Debug|x64.ActiveCfg = Debug|Any CPU
		{CD4652C3-18F7-416D-A522-13BF93C03E92}.Debug|x64.Build.0 = Debug|Any CPU
		{CD4652C3-18F7-416D-A522-13BF93C03E92}.Debug|x86.ActiveCfg = Debug|Any CPU
		{CD4652C3-18F7-416D-A522-13BF93C03E92}.Debug|x86.Build.0 = Debug|Any CPU
		{CD4652C3-18F7-416D-A522-13BF93C03E92}.Release|Any CPU.ActiveCfg = Release|Any CPU
		{CD4652C3-18F7-416D-A522-13BF93C03E92}.Release|Any CPU.Build.0 = Release|Any CPU
		{CD4652C3-18F7-416D-A522-13BF93C03E92}.Release|x64.ActiveCfg = Release|Any CPU
		{CD4652C3-18F7-416D-A522-13BF93C03E92}.Release|x64.Build.0 = Release|Any CPU
		{CD4652C3-18F7-416D-A522-13BF93C03E92}.Release|x86.ActiveCfg = Release|Any CPU
		{CD4652C3-18F7-416D-A522-13BF93C03E92}.Release|x86.Build.0 = Release|Any CPU
		{DA472063-EC06-42B0-BA13-898E4902A661}.Debug|Any CPU.ActiveCfg = Debug|Any CPU
		{DA472063-EC06-42B0-BA13-898E4902A661}.Debug|Any CPU.Build.0 = Debug|Any CPU
		{DA472063-EC06-42B0-BA13-898E4902A661}.Debug|x64.ActiveCfg = Debug|Any CPU
		{DA472063-EC06-42B0-BA13-898E4902A661}.Debug|x64.Build.0 = Debug|Any CPU
		{DA472063-EC06-42B0-BA13-898E4902A661}.Debug|x86.ActiveCfg = Debug|Any CPU
		{DA472063-EC06-42B0-BA13-898E4902A661}.Debug|x86.Build.0 = Debug|Any CPU
		{DA472063-EC06-42B0-BA13-898E4902A661}.Release|Any CPU.ActiveCfg = Release|Any CPU
		{DA472063-EC06-42B0-BA13-898E4902A661}.Release|Any CPU.Build.0 = Release|Any CPU
		{DA472063-EC06-42B0-BA13-898E4902A661}.Release|x64.ActiveCfg = Release|Any CPU
		{DA472063-EC06-42B0-BA13-898E4902A661}.Release|x64.Build.0 = Release|Any CPU
		{DA472063-EC06-42B0-BA13-898E4902A661}.Release|x86.ActiveCfg = Release|Any CPU
		{DA472063-EC06-42B0-BA13-898E4902A661}.Release|x86.Build.0 = Release|Any CPU
		{3D4F0A87-7C4C-444A-BC2D-5F584546A9FF}.Debug|Any CPU.ActiveCfg = Debug|Any CPU
		{3D4F0A87-7C4C-444A-BC2D-5F584546A9FF}.Debug|Any CPU.Build.0 = Debug|Any CPU
		{3D4F0A87-7C4C-444A-BC2D-5F584546A9FF}.Debug|x64.ActiveCfg = Debug|Any CPU
		{3D4F0A87-7C4C-444A-BC2D-5F584546A9FF}.Debug|x64.Build.0 = Debug|Any CPU
		{3D4F0A87-7C4C-444A-BC2D-5F584546A9FF}.Debug|x86.ActiveCfg = Debug|Any CPU
		{3D4F0A87-7C4C-444A-BC2D-5F584546A9FF}.Debug|x86.Build.0 = Debug|Any CPU
		{3D4F0A87-7C4C-444A-BC2D-5F584546A9FF}.Release|Any CPU.ActiveCfg = Release|Any CPU
		{3D4F0A87-7C4C-444A-BC2D-5F584546A9FF}.Release|Any CPU.Build.0 = Release|Any CPU
		{3D4F0A87-7C4C-444A-BC2D-5F584546A9FF}.Release|x64.ActiveCfg = Release|Any CPU
		{3D4F0A87-7C4C-444A-BC2D-5F584546A9FF}.Release|x64.Build.0 = Release|Any CPU
		{3D4F0A87-7C4C-444A-BC2D-5F584546A9FF}.Release|x86.ActiveCfg = Release|Any CPU
		{3D4F0A87-7C4C-444A-BC2D-5F584546A9FF}.Release|x86.Build.0 = Release|Any CPU
		{A1BA335F-54E9-48CE-A63B-071FD75BF536}.Debug|Any CPU.ActiveCfg = Debug|Any CPU
		{A1BA335F-54E9-48CE-A63B-071FD75BF536}.Debug|Any CPU.Build.0 = Debug|Any CPU
		{A1BA335F-54E9-48CE-A63B-071FD75BF536}.Debug|x64.ActiveCfg = Debug|Any CPU
		{A1BA335F-54E9-48CE-A63B-071FD75BF536}.Debug|x64.Build.0 = Debug|Any CPU
		{A1BA335F-54E9-48CE-A63B-071FD75BF536}.Debug|x86.ActiveCfg = Debug|Any CPU
		{A1BA335F-54E9-48CE-A63B-071FD75BF536}.Debug|x86.Build.0 = Debug|Any CPU
		{A1BA335F-54E9-48CE-A63B-071FD75BF536}.Release|Any CPU.ActiveCfg = Release|Any CPU
		{A1BA335F-54E9-48CE-A63B-071FD75BF536}.Release|Any CPU.Build.0 = Release|Any CPU
		{A1BA335F-54E9-48CE-A63B-071FD75BF536}.Release|x64.ActiveCfg = Release|Any CPU
		{A1BA335F-54E9-48CE-A63B-071FD75BF536}.Release|x64.Build.0 = Release|Any CPU
		{A1BA335F-54E9-48CE-A63B-071FD75BF536}.Release|x86.ActiveCfg = Release|Any CPU
		{A1BA335F-54E9-48CE-A63B-071FD75BF536}.Release|x86.Build.0 = Release|Any CPU
		{7DCCF028-9612-4B7E-9174-7BDB4E7F85E6}.Debug|Any CPU.ActiveCfg = Debug|Any CPU
		{7DCCF028-9612-4B7E-9174-7BDB4E7F85E6}.Debug|Any CPU.Build.0 = Debug|Any CPU
		{7DCCF028-9612-4B7E-9174-7BDB4E7F85E6}.Debug|x64.ActiveCfg = Debug|Any CPU
		{7DCCF028-9612-4B7E-9174-7BDB4E7F85E6}.Debug|x64.Build.0 = Debug|Any CPU
		{7DCCF028-9612-4B7E-9174-7BDB4E7F85E6}.Debug|x86.ActiveCfg = Debug|Any CPU
		{7DCCF028-9612-4B7E-9174-7BDB4E7F85E6}.Debug|x86.Build.0 = Debug|Any CPU
		{7DCCF028-9612-4B7E-9174-7BDB4E7F85E6}.Release|Any CPU.ActiveCfg = Release|Any CPU
		{7DCCF028-9612-4B7E-9174-7BDB4E7F85E6}.Release|Any CPU.Build.0 = Release|Any CPU
		{7DCCF028-9612-4B7E-9174-7BDB4E7F85E6}.Release|x64.ActiveCfg = Release|Any CPU
		{7DCCF028-9612-4B7E-9174-7BDB4E7F85E6}.Release|x64.Build.0 = Release|Any CPU
		{7DCCF028-9612-4B7E-9174-7BDB4E7F85E6}.Release|x86.ActiveCfg = Release|Any CPU
		{7DCCF028-9612-4B7E-9174-7BDB4E7F85E6}.Release|x86.Build.0 = Release|Any CPU
		{D60C798A-1FAF-49DA-8758-62BDA03D4231}.Debug|Any CPU.ActiveCfg = Debug|Any CPU
		{D60C798A-1FAF-49DA-8758-62BDA03D4231}.Debug|Any CPU.Build.0 = Debug|Any CPU
		{D60C798A-1FAF-49DA-8758-62BDA03D4231}.Debug|x64.ActiveCfg = Debug|Any CPU
		{D60C798A-1FAF-49DA-8758-62BDA03D4231}.Debug|x64.Build.0 = Debug|Any CPU
		{D60C798A-1FAF-49DA-8758-62BDA03D4231}.Debug|x86.ActiveCfg = Debug|Any CPU
		{D60C798A-1FAF-49DA-8758-62BDA03D4231}.Debug|x86.Build.0 = Debug|Any CPU
		{D60C798A-1FAF-49DA-8758-62BDA03D4231}.Release|Any CPU.ActiveCfg = Release|Any CPU
		{D60C798A-1FAF-49DA-8758-62BDA03D4231}.Release|Any CPU.Build.0 = Release|Any CPU
		{D60C798A-1FAF-49DA-8758-62BDA03D4231}.Release|x64.ActiveCfg = Release|Any CPU
		{D60C798A-1FAF-49DA-8758-62BDA03D4231}.Release|x64.Build.0 = Release|Any CPU
		{D60C798A-1FAF-49DA-8758-62BDA03D4231}.Release|x86.ActiveCfg = Release|Any CPU
		{D60C798A-1FAF-49DA-8758-62BDA03D4231}.Release|x86.Build.0 = Release|Any CPU
		{3BD7B515-850C-463A-823D-66F03C4F45F5}.Debug|Any CPU.ActiveCfg = Debug|Any CPU
		{3BD7B515-850C-463A-823D-66F03C4F45F5}.Debug|Any CPU.Build.0 = Debug|Any CPU
		{3BD7B515-850C-463A-823D-66F03C4F45F5}.Debug|x64.ActiveCfg = Debug|Any CPU
		{3BD7B515-850C-463A-823D-66F03C4F45F5}.Debug|x64.Build.0 = Debug|Any CPU
		{3BD7B515-850C-463A-823D-66F03C4F45F5}.Debug|x86.ActiveCfg = Debug|Any CPU
		{3BD7B515-850C-463A-823D-66F03C4F45F5}.Debug|x86.Build.0 = Debug|Any CPU
		{3BD7B515-850C-463A-823D-66F03C4F45F5}.Release|Any CPU.ActiveCfg = Release|Any CPU
		{3BD7B515-850C-463A-823D-66F03C4F45F5}.Release|Any CPU.Build.0 = Release|Any CPU
		{3BD7B515-850C-463A-823D-66F03C4F45F5}.Release|x64.ActiveCfg = Release|Any CPU
		{3BD7B515-850C-463A-823D-66F03C4F45F5}.Release|x64.Build.0 = Release|Any CPU
		{3BD7B515-850C-463A-823D-66F03C4F45F5}.Release|x86.ActiveCfg = Release|Any CPU
		{3BD7B515-850C-463A-823D-66F03C4F45F5}.Release|x86.Build.0 = Release|Any CPU
		{084E167A-7A6F-4732-9A80-143BE9B810A6}.Debug|Any CPU.ActiveCfg = Debug|Any CPU
		{084E167A-7A6F-4732-9A80-143BE9B810A6}.Debug|Any CPU.Build.0 = Debug|Any CPU
		{084E167A-7A6F-4732-9A80-143BE9B810A6}.Debug|x64.ActiveCfg = Debug|Any CPU
		{084E167A-7A6F-4732-9A80-143BE9B810A6}.Debug|x64.Build.0 = Debug|Any CPU
		{084E167A-7A6F-4732-9A80-143BE9B810A6}.Debug|x86.ActiveCfg = Debug|Any CPU
		{084E167A-7A6F-4732-9A80-143BE9B810A6}.Debug|x86.Build.0 = Debug|Any CPU
		{084E167A-7A6F-4732-9A80-143BE9B810A6}.Release|Any CPU.ActiveCfg = Release|Any CPU
		{084E167A-7A6F-4732-9A80-143BE9B810A6}.Release|Any CPU.Build.0 = Release|Any CPU
		{084E167A-7A6F-4732-9A80-143BE9B810A6}.Release|x64.ActiveCfg = Release|Any CPU
		{084E167A-7A6F-4732-9A80-143BE9B810A6}.Release|x64.Build.0 = Release|Any CPU
		{084E167A-7A6F-4732-9A80-143BE9B810A6}.Release|x86.ActiveCfg = Release|Any CPU
		{084E167A-7A6F-4732-9A80-143BE9B810A6}.Release|x86.Build.0 = Release|Any CPU
		{1C7A3C22-C9C6-44C4-A412-BCF574D24E5D}.Debug|Any CPU.ActiveCfg = Debug|Any CPU
		{1C7A3C22-C9C6-44C4-A412-BCF574D24E5D}.Debug|Any CPU.Build.0 = Debug|Any CPU
		{1C7A3C22-C9C6-44C4-A412-BCF574D24E5D}.Debug|x64.ActiveCfg = Debug|Any CPU
		{1C7A3C22-C9C6-44C4-A412-BCF574D24E5D}.Debug|x64.Build.0 = Debug|Any CPU
		{1C7A3C22-C9C6-44C4-A412-BCF574D24E5D}.Debug|x86.ActiveCfg = Debug|Any CPU
		{1C7A3C22-C9C6-44C4-A412-BCF574D24E5D}.Debug|x86.Build.0 = Debug|Any CPU
		{1C7A3C22-C9C6-44C4-A412-BCF574D24E5D}.Release|Any CPU.ActiveCfg = Release|Any CPU
		{1C7A3C22-C9C6-44C4-A412-BCF574D24E5D}.Release|Any CPU.Build.0 = Release|Any CPU
		{1C7A3C22-C9C6-44C4-A412-BCF574D24E5D}.Release|x64.ActiveCfg = Release|Any CPU
		{1C7A3C22-C9C6-44C4-A412-BCF574D24E5D}.Release|x64.Build.0 = Release|Any CPU
		{1C7A3C22-C9C6-44C4-A412-BCF574D24E5D}.Release|x86.ActiveCfg = Release|Any CPU
		{1C7A3C22-C9C6-44C4-A412-BCF574D24E5D}.Release|x86.Build.0 = Release|Any CPU
		{69D75509-C82D-4851-84E3-80DAAE51CC9D}.Debug|Any CPU.ActiveCfg = Debug|Any CPU
		{69D75509-C82D-4851-84E3-80DAAE51CC9D}.Debug|Any CPU.Build.0 = Debug|Any CPU
		{69D75509-C82D-4851-84E3-80DAAE51CC9D}.Debug|x64.ActiveCfg = Debug|Any CPU
		{69D75509-C82D-4851-84E3-80DAAE51CC9D}.Debug|x64.Build.0 = Debug|Any CPU
		{69D75509-C82D-4851-84E3-80DAAE51CC9D}.Debug|x86.ActiveCfg = Debug|Any CPU
		{69D75509-C82D-4851-84E3-80DAAE51CC9D}.Debug|x86.Build.0 = Debug|Any CPU
		{69D75509-C82D-4851-84E3-80DAAE51CC9D}.Release|Any CPU.ActiveCfg = Release|Any CPU
		{69D75509-C82D-4851-84E3-80DAAE51CC9D}.Release|Any CPU.Build.0 = Release|Any CPU
		{69D75509-C82D-4851-84E3-80DAAE51CC9D}.Release|x64.ActiveCfg = Release|Any CPU
		{69D75509-C82D-4851-84E3-80DAAE51CC9D}.Release|x64.Build.0 = Release|Any CPU
		{69D75509-C82D-4851-84E3-80DAAE51CC9D}.Release|x86.ActiveCfg = Release|Any CPU
		{69D75509-C82D-4851-84E3-80DAAE51CC9D}.Release|x86.Build.0 = Release|Any CPU
		{288B1A77-DF8F-4523-A084-45F4A2BC5576}.Debug|Any CPU.ActiveCfg = Debug|Any CPU
		{288B1A77-DF8F-4523-A084-45F4A2BC5576}.Debug|Any CPU.Build.0 = Debug|Any CPU
		{288B1A77-DF8F-4523-A084-45F4A2BC5576}.Debug|x64.ActiveCfg = Debug|Any CPU
		{288B1A77-DF8F-4523-A084-45F4A2BC5576}.Debug|x64.Build.0 = Debug|Any CPU
		{288B1A77-DF8F-4523-A084-45F4A2BC5576}.Debug|x86.ActiveCfg = Debug|Any CPU
		{288B1A77-DF8F-4523-A084-45F4A2BC5576}.Debug|x86.Build.0 = Debug|Any CPU
		{288B1A77-DF8F-4523-A084-45F4A2BC5576}.Release|Any CPU.ActiveCfg = Release|Any CPU
		{288B1A77-DF8F-4523-A084-45F4A2BC5576}.Release|Any CPU.Build.0 = Release|Any CPU
		{288B1A77-DF8F-4523-A084-45F4A2BC5576}.Release|x64.ActiveCfg = Release|Any CPU
		{288B1A77-DF8F-4523-A084-45F4A2BC5576}.Release|x64.Build.0 = Release|Any CPU
		{288B1A77-DF8F-4523-A084-45F4A2BC5576}.Release|x86.ActiveCfg = Release|Any CPU
		{288B1A77-DF8F-4523-A084-45F4A2BC5576}.Release|x86.Build.0 = Release|Any CPU
		{A77045A8-BC21-4755-A716-27B94F1A46D0}.Debug|Any CPU.ActiveCfg = Debug|Any CPU
		{A77045A8-BC21-4755-A716-27B94F1A46D0}.Debug|Any CPU.Build.0 = Debug|Any CPU
		{A77045A8-BC21-4755-A716-27B94F1A46D0}.Debug|x64.ActiveCfg = Debug|Any CPU
		{A77045A8-BC21-4755-A716-27B94F1A46D0}.Debug|x64.Build.0 = Debug|Any CPU
		{A77045A8-BC21-4755-A716-27B94F1A46D0}.Debug|x86.ActiveCfg = Debug|Any CPU
		{A77045A8-BC21-4755-A716-27B94F1A46D0}.Debug|x86.Build.0 = Debug|Any CPU
		{A77045A8-BC21-4755-A716-27B94F1A46D0}.Release|Any CPU.ActiveCfg = Release|Any CPU
		{A77045A8-BC21-4755-A716-27B94F1A46D0}.Release|Any CPU.Build.0 = Release|Any CPU
		{A77045A8-BC21-4755-A716-27B94F1A46D0}.Release|x64.ActiveCfg = Release|Any CPU
		{A77045A8-BC21-4755-A716-27B94F1A46D0}.Release|x64.Build.0 = Release|Any CPU
		{A77045A8-BC21-4755-A716-27B94F1A46D0}.Release|x86.ActiveCfg = Release|Any CPU
		{A77045A8-BC21-4755-A716-27B94F1A46D0}.Release|x86.Build.0 = Release|Any CPU
		{5F18C3BA-FA50-4B2F-A9C5-5A9C704F5E1E}.Debug|Any CPU.ActiveCfg = Debug|Any CPU
		{5F18C3BA-FA50-4B2F-A9C5-5A9C704F5E1E}.Debug|Any CPU.Build.0 = Debug|Any CPU
		{5F18C3BA-FA50-4B2F-A9C5-5A9C704F5E1E}.Debug|x64.ActiveCfg = Debug|Any CPU
		{5F18C3BA-FA50-4B2F-A9C5-5A9C704F5E1E}.Debug|x64.Build.0 = Debug|Any CPU
		{5F18C3BA-FA50-4B2F-A9C5-5A9C704F5E1E}.Debug|x86.ActiveCfg = Debug|Any CPU
		{5F18C3BA-FA50-4B2F-A9C5-5A9C704F5E1E}.Debug|x86.Build.0 = Debug|Any CPU
		{5F18C3BA-FA50-4B2F-A9C5-5A9C704F5E1E}.Release|Any CPU.ActiveCfg = Release|Any CPU
		{5F18C3BA-FA50-4B2F-A9C5-5A9C704F5E1E}.Release|Any CPU.Build.0 = Release|Any CPU
		{5F18C3BA-FA50-4B2F-A9C5-5A9C704F5E1E}.Release|x64.ActiveCfg = Release|Any CPU
		{5F18C3BA-FA50-4B2F-A9C5-5A9C704F5E1E}.Release|x64.Build.0 = Release|Any CPU
		{5F18C3BA-FA50-4B2F-A9C5-5A9C704F5E1E}.Release|x86.ActiveCfg = Release|Any CPU
		{5F18C3BA-FA50-4B2F-A9C5-5A9C704F5E1E}.Release|x86.Build.0 = Release|Any CPU
		{749B44D6-C1D6-49E3-B4F5-7497394AF74D}.Debug|Any CPU.ActiveCfg = Debug|Any CPU
		{749B44D6-C1D6-49E3-B4F5-7497394AF74D}.Debug|Any CPU.Build.0 = Debug|Any CPU
		{749B44D6-C1D6-49E3-B4F5-7497394AF74D}.Debug|x64.ActiveCfg = Debug|Any CPU
		{749B44D6-C1D6-49E3-B4F5-7497394AF74D}.Debug|x64.Build.0 = Debug|Any CPU
		{749B44D6-C1D6-49E3-B4F5-7497394AF74D}.Debug|x86.ActiveCfg = Debug|Any CPU
		{749B44D6-C1D6-49E3-B4F5-7497394AF74D}.Debug|x86.Build.0 = Debug|Any CPU
		{749B44D6-C1D6-49E3-B4F5-7497394AF74D}.Release|Any CPU.ActiveCfg = Release|Any CPU
		{749B44D6-C1D6-49E3-B4F5-7497394AF74D}.Release|Any CPU.Build.0 = Release|Any CPU
		{749B44D6-C1D6-49E3-B4F5-7497394AF74D}.Release|x64.ActiveCfg = Release|Any CPU
		{749B44D6-C1D6-49E3-B4F5-7497394AF74D}.Release|x64.Build.0 = Release|Any CPU
		{749B44D6-C1D6-49E3-B4F5-7497394AF74D}.Release|x86.ActiveCfg = Release|Any CPU
		{749B44D6-C1D6-49E3-B4F5-7497394AF74D}.Release|x86.Build.0 = Release|Any CPU
		{C1666D9D-74BB-46A8-A268-392B95DF28CB}.Debug|Any CPU.ActiveCfg = Debug|Any CPU
		{C1666D9D-74BB-46A8-A268-392B95DF28CB}.Debug|Any CPU.Build.0 = Debug|Any CPU
		{C1666D9D-74BB-46A8-A268-392B95DF28CB}.Debug|x64.ActiveCfg = Debug|Any CPU
		{C1666D9D-74BB-46A8-A268-392B95DF28CB}.Debug|x64.Build.0 = Debug|Any CPU
		{C1666D9D-74BB-46A8-A268-392B95DF28CB}.Debug|x86.ActiveCfg = Debug|Any CPU
		{C1666D9D-74BB-46A8-A268-392B95DF28CB}.Debug|x86.Build.0 = Debug|Any CPU
		{C1666D9D-74BB-46A8-A268-392B95DF28CB}.Release|Any CPU.ActiveCfg = Release|Any CPU
		{C1666D9D-74BB-46A8-A268-392B95DF28CB}.Release|Any CPU.Build.0 = Release|Any CPU
		{C1666D9D-74BB-46A8-A268-392B95DF28CB}.Release|x64.ActiveCfg = Release|Any CPU
		{C1666D9D-74BB-46A8-A268-392B95DF28CB}.Release|x64.Build.0 = Release|Any CPU
		{C1666D9D-74BB-46A8-A268-392B95DF28CB}.Release|x86.ActiveCfg = Release|Any CPU
		{C1666D9D-74BB-46A8-A268-392B95DF28CB}.Release|x86.Build.0 = Release|Any CPU
		{BE842C76-C729-41CB-A6E6-B3C964225D06}.Debug|Any CPU.ActiveCfg = Debug|Any CPU
		{BE842C76-C729-41CB-A6E6-B3C964225D06}.Debug|Any CPU.Build.0 = Debug|Any CPU
		{BE842C76-C729-41CB-A6E6-B3C964225D06}.Debug|x64.ActiveCfg = Debug|Any CPU
		{BE842C76-C729-41CB-A6E6-B3C964225D06}.Debug|x64.Build.0 = Debug|Any CPU
		{BE842C76-C729-41CB-A6E6-B3C964225D06}.Debug|x86.ActiveCfg = Debug|Any CPU
		{BE842C76-C729-41CB-A6E6-B3C964225D06}.Debug|x86.Build.0 = Debug|Any CPU
		{BE842C76-C729-41CB-A6E6-B3C964225D06}.Release|Any CPU.ActiveCfg = Release|Any CPU
		{BE842C76-C729-41CB-A6E6-B3C964225D06}.Release|Any CPU.Build.0 = Release|Any CPU
		{BE842C76-C729-41CB-A6E6-B3C964225D06}.Release|x64.ActiveCfg = Release|Any CPU
		{BE842C76-C729-41CB-A6E6-B3C964225D06}.Release|x64.Build.0 = Release|Any CPU
		{BE842C76-C729-41CB-A6E6-B3C964225D06}.Release|x86.ActiveCfg = Release|Any CPU
		{BE842C76-C729-41CB-A6E6-B3C964225D06}.Release|x86.Build.0 = Release|Any CPU
		{2FB1A1B5-C2A2-4302-B960-B76EC8971B5F}.Debug|Any CPU.ActiveCfg = Debug|Any CPU
		{2FB1A1B5-C2A2-4302-B960-B76EC8971B5F}.Debug|Any CPU.Build.0 = Debug|Any CPU
		{2FB1A1B5-C2A2-4302-B960-B76EC8971B5F}.Debug|x64.ActiveCfg = Debug|Any CPU
		{2FB1A1B5-C2A2-4302-B960-B76EC8971B5F}.Debug|x64.Build.0 = Debug|Any CPU
		{2FB1A1B5-C2A2-4302-B960-B76EC8971B5F}.Debug|x86.ActiveCfg = Debug|Any CPU
		{2FB1A1B5-C2A2-4302-B960-B76EC8971B5F}.Debug|x86.Build.0 = Debug|Any CPU
		{2FB1A1B5-C2A2-4302-B960-B76EC8971B5F}.Release|Any CPU.ActiveCfg = Release|Any CPU
		{2FB1A1B5-C2A2-4302-B960-B76EC8971B5F}.Release|Any CPU.Build.0 = Release|Any CPU
		{2FB1A1B5-C2A2-4302-B960-B76EC8971B5F}.Release|x64.ActiveCfg = Release|Any CPU
		{2FB1A1B5-C2A2-4302-B960-B76EC8971B5F}.Release|x64.Build.0 = Release|Any CPU
		{2FB1A1B5-C2A2-4302-B960-B76EC8971B5F}.Release|x86.ActiveCfg = Release|Any CPU
		{2FB1A1B5-C2A2-4302-B960-B76EC8971B5F}.Release|x86.Build.0 = Release|Any CPU
		{84E3DAD7-1D3D-462D-8CB3-4F01C60B4B23}.Debug|Any CPU.ActiveCfg = Debug|Any CPU
		{84E3DAD7-1D3D-462D-8CB3-4F01C60B4B23}.Debug|Any CPU.Build.0 = Debug|Any CPU
		{84E3DAD7-1D3D-462D-8CB3-4F01C60B4B23}.Debug|x64.ActiveCfg = Debug|Any CPU
		{84E3DAD7-1D3D-462D-8CB3-4F01C60B4B23}.Debug|x64.Build.0 = Debug|Any CPU
		{84E3DAD7-1D3D-462D-8CB3-4F01C60B4B23}.Debug|x86.ActiveCfg = Debug|Any CPU
		{84E3DAD7-1D3D-462D-8CB3-4F01C60B4B23}.Debug|x86.Build.0 = Debug|Any CPU
		{84E3DAD7-1D3D-462D-8CB3-4F01C60B4B23}.Release|Any CPU.ActiveCfg = Release|Any CPU
		{84E3DAD7-1D3D-462D-8CB3-4F01C60B4B23}.Release|Any CPU.Build.0 = Release|Any CPU
		{84E3DAD7-1D3D-462D-8CB3-4F01C60B4B23}.Release|x64.ActiveCfg = Release|Any CPU
		{84E3DAD7-1D3D-462D-8CB3-4F01C60B4B23}.Release|x64.Build.0 = Release|Any CPU
		{84E3DAD7-1D3D-462D-8CB3-4F01C60B4B23}.Release|x86.ActiveCfg = Release|Any CPU
		{84E3DAD7-1D3D-462D-8CB3-4F01C60B4B23}.Release|x86.Build.0 = Release|Any CPU
		{44A7F47F-1EA8-45DC-8C91-4B513EF8DDE0}.Debug|Any CPU.ActiveCfg = Debug|Any CPU
		{44A7F47F-1EA8-45DC-8C91-4B513EF8DDE0}.Debug|Any CPU.Build.0 = Debug|Any CPU
		{44A7F47F-1EA8-45DC-8C91-4B513EF8DDE0}.Debug|x64.ActiveCfg = Debug|Any CPU
		{44A7F47F-1EA8-45DC-8C91-4B513EF8DDE0}.Debug|x64.Build.0 = Debug|Any CPU
		{44A7F47F-1EA8-45DC-8C91-4B513EF8DDE0}.Debug|x86.ActiveCfg = Debug|Any CPU
		{44A7F47F-1EA8-45DC-8C91-4B513EF8DDE0}.Debug|x86.Build.0 = Debug|Any CPU
		{44A7F47F-1EA8-45DC-8C91-4B513EF8DDE0}.Release|Any CPU.ActiveCfg = Release|Any CPU
		{44A7F47F-1EA8-45DC-8C91-4B513EF8DDE0}.Release|Any CPU.Build.0 = Release|Any CPU
		{44A7F47F-1EA8-45DC-8C91-4B513EF8DDE0}.Release|x64.ActiveCfg = Release|Any CPU
		{44A7F47F-1EA8-45DC-8C91-4B513EF8DDE0}.Release|x64.Build.0 = Release|Any CPU
		{44A7F47F-1EA8-45DC-8C91-4B513EF8DDE0}.Release|x86.ActiveCfg = Release|Any CPU
		{44A7F47F-1EA8-45DC-8C91-4B513EF8DDE0}.Release|x86.Build.0 = Release|Any CPU
		{33006559-6A79-41D8-BC25-7EDA9EC0C46D}.Debug|Any CPU.ActiveCfg = Debug|Any CPU
		{33006559-6A79-41D8-BC25-7EDA9EC0C46D}.Debug|Any CPU.Build.0 = Debug|Any CPU
		{33006559-6A79-41D8-BC25-7EDA9EC0C46D}.Debug|x64.ActiveCfg = Debug|Any CPU
		{33006559-6A79-41D8-BC25-7EDA9EC0C46D}.Debug|x64.Build.0 = Debug|Any CPU
		{33006559-6A79-41D8-BC25-7EDA9EC0C46D}.Debug|x86.ActiveCfg = Debug|Any CPU
		{33006559-6A79-41D8-BC25-7EDA9EC0C46D}.Debug|x86.Build.0 = Debug|Any CPU
		{33006559-6A79-41D8-BC25-7EDA9EC0C46D}.Release|Any CPU.ActiveCfg = Release|Any CPU
		{33006559-6A79-41D8-BC25-7EDA9EC0C46D}.Release|Any CPU.Build.0 = Release|Any CPU
		{33006559-6A79-41D8-BC25-7EDA9EC0C46D}.Release|x64.ActiveCfg = Release|Any CPU
		{33006559-6A79-41D8-BC25-7EDA9EC0C46D}.Release|x64.Build.0 = Release|Any CPU
		{33006559-6A79-41D8-BC25-7EDA9EC0C46D}.Release|x86.ActiveCfg = Release|Any CPU
		{33006559-6A79-41D8-BC25-7EDA9EC0C46D}.Release|x86.Build.0 = Release|Any CPU
		{7CF03AAD-F536-4C94-BCBF-0C66497452FD}.Debug|Any CPU.ActiveCfg = Debug|Any CPU
		{7CF03AAD-F536-4C94-BCBF-0C66497452FD}.Debug|Any CPU.Build.0 = Debug|Any CPU
		{7CF03AAD-F536-4C94-BCBF-0C66497452FD}.Debug|x64.ActiveCfg = Debug|Any CPU
		{7CF03AAD-F536-4C94-BCBF-0C66497452FD}.Debug|x64.Build.0 = Debug|Any CPU
		{7CF03AAD-F536-4C94-BCBF-0C66497452FD}.Debug|x86.ActiveCfg = Debug|Any CPU
		{7CF03AAD-F536-4C94-BCBF-0C66497452FD}.Debug|x86.Build.0 = Debug|Any CPU
		{7CF03AAD-F536-4C94-BCBF-0C66497452FD}.Release|Any CPU.ActiveCfg = Release|Any CPU
		{7CF03AAD-F536-4C94-BCBF-0C66497452FD}.Release|Any CPU.Build.0 = Release|Any CPU
		{7CF03AAD-F536-4C94-BCBF-0C66497452FD}.Release|x64.ActiveCfg = Release|Any CPU
		{7CF03AAD-F536-4C94-BCBF-0C66497452FD}.Release|x64.Build.0 = Release|Any CPU
		{7CF03AAD-F536-4C94-BCBF-0C66497452FD}.Release|x86.ActiveCfg = Release|Any CPU
		{7CF03AAD-F536-4C94-BCBF-0C66497452FD}.Release|x86.Build.0 = Release|Any CPU
		{A5759BF3-1D62-46D9-8784-22FB0D1A830C}.Debug|Any CPU.ActiveCfg = Debug|Any CPU
		{A5759BF3-1D62-46D9-8784-22FB0D1A830C}.Debug|Any CPU.Build.0 = Debug|Any CPU
		{A5759BF3-1D62-46D9-8784-22FB0D1A830C}.Debug|x64.ActiveCfg = Debug|Any CPU
		{A5759BF3-1D62-46D9-8784-22FB0D1A830C}.Debug|x64.Build.0 = Debug|Any CPU
		{A5759BF3-1D62-46D9-8784-22FB0D1A830C}.Debug|x86.ActiveCfg = Debug|Any CPU
		{A5759BF3-1D62-46D9-8784-22FB0D1A830C}.Debug|x86.Build.0 = Debug|Any CPU
		{A5759BF3-1D62-46D9-8784-22FB0D1A830C}.Release|Any CPU.ActiveCfg = Release|Any CPU
		{A5759BF3-1D62-46D9-8784-22FB0D1A830C}.Release|Any CPU.Build.0 = Release|Any CPU
		{A5759BF3-1D62-46D9-8784-22FB0D1A830C}.Release|x64.ActiveCfg = Release|Any CPU
		{A5759BF3-1D62-46D9-8784-22FB0D1A830C}.Release|x64.Build.0 = Release|Any CPU
		{A5759BF3-1D62-46D9-8784-22FB0D1A830C}.Release|x86.ActiveCfg = Release|Any CPU
		{A5759BF3-1D62-46D9-8784-22FB0D1A830C}.Release|x86.Build.0 = Release|Any CPU
		{A89719CE-3323-4CA8-B9E4-C490AEEF5E0C}.Debug|Any CPU.ActiveCfg = Debug|Any CPU
		{A89719CE-3323-4CA8-B9E4-C490AEEF5E0C}.Debug|Any CPU.Build.0 = Debug|Any CPU
		{A89719CE-3323-4CA8-B9E4-C490AEEF5E0C}.Debug|x64.ActiveCfg = Debug|Any CPU
		{A89719CE-3323-4CA8-B9E4-C490AEEF5E0C}.Debug|x64.Build.0 = Debug|Any CPU
		{A89719CE-3323-4CA8-B9E4-C490AEEF5E0C}.Debug|x86.ActiveCfg = Debug|Any CPU
		{A89719CE-3323-4CA8-B9E4-C490AEEF5E0C}.Debug|x86.Build.0 = Debug|Any CPU
		{A89719CE-3323-4CA8-B9E4-C490AEEF5E0C}.Release|Any CPU.ActiveCfg = Release|Any CPU
		{A89719CE-3323-4CA8-B9E4-C490AEEF5E0C}.Release|Any CPU.Build.0 = Release|Any CPU
		{A89719CE-3323-4CA8-B9E4-C490AEEF5E0C}.Release|x64.ActiveCfg = Release|Any CPU
		{A89719CE-3323-4CA8-B9E4-C490AEEF5E0C}.Release|x64.Build.0 = Release|Any CPU
		{A89719CE-3323-4CA8-B9E4-C490AEEF5E0C}.Release|x86.ActiveCfg = Release|Any CPU
		{A89719CE-3323-4CA8-B9E4-C490AEEF5E0C}.Release|x86.Build.0 = Release|Any CPU
		{C68CED61-EE2F-4025-88B1-5504A2019AB8}.Debug|Any CPU.ActiveCfg = Debug|Any CPU
		{C68CED61-EE2F-4025-88B1-5504A2019AB8}.Debug|Any CPU.Build.0 = Debug|Any CPU
		{C68CED61-EE2F-4025-88B1-5504A2019AB8}.Debug|x64.ActiveCfg = Debug|Any CPU
		{C68CED61-EE2F-4025-88B1-5504A2019AB8}.Debug|x64.Build.0 = Debug|Any CPU
		{C68CED61-EE2F-4025-88B1-5504A2019AB8}.Debug|x86.ActiveCfg = Debug|Any CPU
		{C68CED61-EE2F-4025-88B1-5504A2019AB8}.Debug|x86.Build.0 = Debug|Any CPU
		{C68CED61-EE2F-4025-88B1-5504A2019AB8}.Release|Any CPU.ActiveCfg = Release|Any CPU
		{C68CED61-EE2F-4025-88B1-5504A2019AB8}.Release|Any CPU.Build.0 = Release|Any CPU
		{C68CED61-EE2F-4025-88B1-5504A2019AB8}.Release|x64.ActiveCfg = Release|Any CPU
		{C68CED61-EE2F-4025-88B1-5504A2019AB8}.Release|x64.Build.0 = Release|Any CPU
		{C68CED61-EE2F-4025-88B1-5504A2019AB8}.Release|x86.ActiveCfg = Release|Any CPU
		{C68CED61-EE2F-4025-88B1-5504A2019AB8}.Release|x86.Build.0 = Release|Any CPU
		{E40660B6-8910-405B-8B5D-814E981D31BE}.Debug|Any CPU.ActiveCfg = Debug|Any CPU
		{E40660B6-8910-405B-8B5D-814E981D31BE}.Debug|Any CPU.Build.0 = Debug|Any CPU
		{E40660B6-8910-405B-8B5D-814E981D31BE}.Debug|x64.ActiveCfg = Debug|Any CPU
		{E40660B6-8910-405B-8B5D-814E981D31BE}.Debug|x64.Build.0 = Debug|Any CPU
		{E40660B6-8910-405B-8B5D-814E981D31BE}.Debug|x86.ActiveCfg = Debug|Any CPU
		{E40660B6-8910-405B-8B5D-814E981D31BE}.Debug|x86.Build.0 = Debug|Any CPU
		{E40660B6-8910-405B-8B5D-814E981D31BE}.Release|Any CPU.ActiveCfg = Release|Any CPU
		{E40660B6-8910-405B-8B5D-814E981D31BE}.Release|Any CPU.Build.0 = Release|Any CPU
		{E40660B6-8910-405B-8B5D-814E981D31BE}.Release|x64.ActiveCfg = Release|Any CPU
		{E40660B6-8910-405B-8B5D-814E981D31BE}.Release|x64.Build.0 = Release|Any CPU
		{E40660B6-8910-405B-8B5D-814E981D31BE}.Release|x86.ActiveCfg = Release|Any CPU
		{E40660B6-8910-405B-8B5D-814E981D31BE}.Release|x86.Build.0 = Release|Any CPU
		{D57F8C95-CEBD-4ECE-8724-ADE07F8498B2}.Debug|Any CPU.ActiveCfg = Debug|Any CPU
		{D57F8C95-CEBD-4ECE-8724-ADE07F8498B2}.Debug|Any CPU.Build.0 = Debug|Any CPU
		{D57F8C95-CEBD-4ECE-8724-ADE07F8498B2}.Debug|x64.ActiveCfg = Debug|Any CPU
		{D57F8C95-CEBD-4ECE-8724-ADE07F8498B2}.Debug|x64.Build.0 = Debug|Any CPU
		{D57F8C95-CEBD-4ECE-8724-ADE07F8498B2}.Debug|x86.ActiveCfg = Debug|Any CPU
		{D57F8C95-CEBD-4ECE-8724-ADE07F8498B2}.Debug|x86.Build.0 = Debug|Any CPU
		{D57F8C95-CEBD-4ECE-8724-ADE07F8498B2}.Release|Any CPU.ActiveCfg = Release|Any CPU
		{D57F8C95-CEBD-4ECE-8724-ADE07F8498B2}.Release|Any CPU.Build.0 = Release|Any CPU
		{D57F8C95-CEBD-4ECE-8724-ADE07F8498B2}.Release|x64.ActiveCfg = Release|Any CPU
		{D57F8C95-CEBD-4ECE-8724-ADE07F8498B2}.Release|x64.Build.0 = Release|Any CPU
		{D57F8C95-CEBD-4ECE-8724-ADE07F8498B2}.Release|x86.ActiveCfg = Release|Any CPU
		{D57F8C95-CEBD-4ECE-8724-ADE07F8498B2}.Release|x86.Build.0 = Release|Any CPU
		{1B01BD32-97B4-436A-9E09-8CF79D20C6CB}.Debug|Any CPU.ActiveCfg = Debug|Any CPU
		{1B01BD32-97B4-436A-9E09-8CF79D20C6CB}.Debug|Any CPU.Build.0 = Debug|Any CPU
		{1B01BD32-97B4-436A-9E09-8CF79D20C6CB}.Debug|x64.ActiveCfg = Debug|Any CPU
		{1B01BD32-97B4-436A-9E09-8CF79D20C6CB}.Debug|x64.Build.0 = Debug|Any CPU
		{1B01BD32-97B4-436A-9E09-8CF79D20C6CB}.Debug|x86.ActiveCfg = Debug|Any CPU
		{1B01BD32-97B4-436A-9E09-8CF79D20C6CB}.Debug|x86.Build.0 = Debug|Any CPU
		{1B01BD32-97B4-436A-9E09-8CF79D20C6CB}.Release|Any CPU.ActiveCfg = Release|Any CPU
		{1B01BD32-97B4-436A-9E09-8CF79D20C6CB}.Release|Any CPU.Build.0 = Release|Any CPU
		{1B01BD32-97B4-436A-9E09-8CF79D20C6CB}.Release|x64.ActiveCfg = Release|Any CPU
		{1B01BD32-97B4-436A-9E09-8CF79D20C6CB}.Release|x64.Build.0 = Release|Any CPU
		{1B01BD32-97B4-436A-9E09-8CF79D20C6CB}.Release|x86.ActiveCfg = Release|Any CPU
		{1B01BD32-97B4-436A-9E09-8CF79D20C6CB}.Release|x86.Build.0 = Release|Any CPU
		{94D9F537-195B-49C1-BC66-50423F969CC1}.Debug|Any CPU.ActiveCfg = Debug|Any CPU
		{94D9F537-195B-49C1-BC66-50423F969CC1}.Debug|Any CPU.Build.0 = Debug|Any CPU
		{94D9F537-195B-49C1-BC66-50423F969CC1}.Debug|x64.ActiveCfg = Debug|Any CPU
		{94D9F537-195B-49C1-BC66-50423F969CC1}.Debug|x64.Build.0 = Debug|Any CPU
		{94D9F537-195B-49C1-BC66-50423F969CC1}.Debug|x86.ActiveCfg = Debug|Any CPU
		{94D9F537-195B-49C1-BC66-50423F969CC1}.Debug|x86.Build.0 = Debug|Any CPU
		{94D9F537-195B-49C1-BC66-50423F969CC1}.Release|Any CPU.ActiveCfg = Release|Any CPU
		{94D9F537-195B-49C1-BC66-50423F969CC1}.Release|Any CPU.Build.0 = Release|Any CPU
		{94D9F537-195B-49C1-BC66-50423F969CC1}.Release|x64.ActiveCfg = Release|Any CPU
		{94D9F537-195B-49C1-BC66-50423F969CC1}.Release|x64.Build.0 = Release|Any CPU
		{94D9F537-195B-49C1-BC66-50423F969CC1}.Release|x86.ActiveCfg = Release|Any CPU
		{94D9F537-195B-49C1-BC66-50423F969CC1}.Release|x86.Build.0 = Release|Any CPU
		{5645BE60-2E5E-4CA5-9C0B-05E68A63DA02}.Debug|Any CPU.ActiveCfg = Debug|Any CPU
		{5645BE60-2E5E-4CA5-9C0B-05E68A63DA02}.Debug|Any CPU.Build.0 = Debug|Any CPU
		{5645BE60-2E5E-4CA5-9C0B-05E68A63DA02}.Debug|x64.ActiveCfg = Debug|Any CPU
		{5645BE60-2E5E-4CA5-9C0B-05E68A63DA02}.Debug|x64.Build.0 = Debug|Any CPU
		{5645BE60-2E5E-4CA5-9C0B-05E68A63DA02}.Debug|x86.ActiveCfg = Debug|Any CPU
		{5645BE60-2E5E-4CA5-9C0B-05E68A63DA02}.Debug|x86.Build.0 = Debug|Any CPU
		{5645BE60-2E5E-4CA5-9C0B-05E68A63DA02}.Release|Any CPU.ActiveCfg = Release|Any CPU
		{5645BE60-2E5E-4CA5-9C0B-05E68A63DA02}.Release|Any CPU.Build.0 = Release|Any CPU
		{5645BE60-2E5E-4CA5-9C0B-05E68A63DA02}.Release|x64.ActiveCfg = Release|Any CPU
		{5645BE60-2E5E-4CA5-9C0B-05E68A63DA02}.Release|x64.Build.0 = Release|Any CPU
		{5645BE60-2E5E-4CA5-9C0B-05E68A63DA02}.Release|x86.ActiveCfg = Release|Any CPU
		{5645BE60-2E5E-4CA5-9C0B-05E68A63DA02}.Release|x86.Build.0 = Release|Any CPU
		{702CB6C2-BCE2-46FA-8AE6-354A3F5B134D}.Debug|Any CPU.ActiveCfg = Debug|Any CPU
		{702CB6C2-BCE2-46FA-8AE6-354A3F5B134D}.Debug|Any CPU.Build.0 = Debug|Any CPU
		{702CB6C2-BCE2-46FA-8AE6-354A3F5B134D}.Debug|x64.ActiveCfg = Debug|Any CPU
		{702CB6C2-BCE2-46FA-8AE6-354A3F5B134D}.Debug|x64.Build.0 = Debug|Any CPU
		{702CB6C2-BCE2-46FA-8AE6-354A3F5B134D}.Debug|x86.ActiveCfg = Debug|Any CPU
		{702CB6C2-BCE2-46FA-8AE6-354A3F5B134D}.Debug|x86.Build.0 = Debug|Any CPU
		{702CB6C2-BCE2-46FA-8AE6-354A3F5B134D}.Release|Any CPU.ActiveCfg = Release|Any CPU
		{702CB6C2-BCE2-46FA-8AE6-354A3F5B134D}.Release|Any CPU.Build.0 = Release|Any CPU
		{702CB6C2-BCE2-46FA-8AE6-354A3F5B134D}.Release|x64.ActiveCfg = Release|Any CPU
		{702CB6C2-BCE2-46FA-8AE6-354A3F5B134D}.Release|x64.Build.0 = Release|Any CPU
		{702CB6C2-BCE2-46FA-8AE6-354A3F5B134D}.Release|x86.ActiveCfg = Release|Any CPU
		{702CB6C2-BCE2-46FA-8AE6-354A3F5B134D}.Release|x86.Build.0 = Release|Any CPU
		{F62E1FD4-8982-48BB-9205-414CE0555EB2}.Debug|Any CPU.ActiveCfg = Debug|Any CPU
		{F62E1FD4-8982-48BB-9205-414CE0555EB2}.Debug|Any CPU.Build.0 = Debug|Any CPU
		{F62E1FD4-8982-48BB-9205-414CE0555EB2}.Debug|x64.ActiveCfg = Debug|Any CPU
		{F62E1FD4-8982-48BB-9205-414CE0555EB2}.Debug|x64.Build.0 = Debug|Any CPU
		{F62E1FD4-8982-48BB-9205-414CE0555EB2}.Debug|x86.ActiveCfg = Debug|Any CPU
		{F62E1FD4-8982-48BB-9205-414CE0555EB2}.Debug|x86.Build.0 = Debug|Any CPU
		{F62E1FD4-8982-48BB-9205-414CE0555EB2}.Release|Any CPU.ActiveCfg = Release|Any CPU
		{F62E1FD4-8982-48BB-9205-414CE0555EB2}.Release|Any CPU.Build.0 = Release|Any CPU
		{F62E1FD4-8982-48BB-9205-414CE0555EB2}.Release|x64.ActiveCfg = Release|Any CPU
		{F62E1FD4-8982-48BB-9205-414CE0555EB2}.Release|x64.Build.0 = Release|Any CPU
		{F62E1FD4-8982-48BB-9205-414CE0555EB2}.Release|x86.ActiveCfg = Release|Any CPU
		{F62E1FD4-8982-48BB-9205-414CE0555EB2}.Release|x86.Build.0 = Release|Any CPU
		{F88EBA73-5EBC-45D5-A763-55AB84FFC16D}.Debug|Any CPU.ActiveCfg = Debug|Any CPU
		{F88EBA73-5EBC-45D5-A763-55AB84FFC16D}.Debug|Any CPU.Build.0 = Debug|Any CPU
		{F88EBA73-5EBC-45D5-A763-55AB84FFC16D}.Debug|x64.ActiveCfg = Debug|Any CPU
		{F88EBA73-5EBC-45D5-A763-55AB84FFC16D}.Debug|x64.Build.0 = Debug|Any CPU
		{F88EBA73-5EBC-45D5-A763-55AB84FFC16D}.Debug|x86.ActiveCfg = Debug|Any CPU
		{F88EBA73-5EBC-45D5-A763-55AB84FFC16D}.Debug|x86.Build.0 = Debug|Any CPU
		{F88EBA73-5EBC-45D5-A763-55AB84FFC16D}.Release|Any CPU.ActiveCfg = Release|Any CPU
		{F88EBA73-5EBC-45D5-A763-55AB84FFC16D}.Release|Any CPU.Build.0 = Release|Any CPU
		{F88EBA73-5EBC-45D5-A763-55AB84FFC16D}.Release|x64.ActiveCfg = Release|Any CPU
		{F88EBA73-5EBC-45D5-A763-55AB84FFC16D}.Release|x64.Build.0 = Release|Any CPU
		{F88EBA73-5EBC-45D5-A763-55AB84FFC16D}.Release|x86.ActiveCfg = Release|Any CPU
		{F88EBA73-5EBC-45D5-A763-55AB84FFC16D}.Release|x86.Build.0 = Release|Any CPU
		{92399D11-749B-4135-A432-1E3F75240B78}.Debug|Any CPU.ActiveCfg = Debug|Any CPU
		{92399D11-749B-4135-A432-1E3F75240B78}.Debug|Any CPU.Build.0 = Debug|Any CPU
		{92399D11-749B-4135-A432-1E3F75240B78}.Debug|x64.ActiveCfg = Debug|Any CPU
		{92399D11-749B-4135-A432-1E3F75240B78}.Debug|x64.Build.0 = Debug|Any CPU
		{92399D11-749B-4135-A432-1E3F75240B78}.Debug|x86.ActiveCfg = Debug|Any CPU
		{92399D11-749B-4135-A432-1E3F75240B78}.Debug|x86.Build.0 = Debug|Any CPU
		{92399D11-749B-4135-A432-1E3F75240B78}.Release|Any CPU.ActiveCfg = Release|Any CPU
		{92399D11-749B-4135-A432-1E3F75240B78}.Release|Any CPU.Build.0 = Release|Any CPU
		{92399D11-749B-4135-A432-1E3F75240B78}.Release|x64.ActiveCfg = Release|Any CPU
		{92399D11-749B-4135-A432-1E3F75240B78}.Release|x64.Build.0 = Release|Any CPU
		{92399D11-749B-4135-A432-1E3F75240B78}.Release|x86.ActiveCfg = Release|Any CPU
		{92399D11-749B-4135-A432-1E3F75240B78}.Release|x86.Build.0 = Release|Any CPU
		{C0E3E854-04F6-473D-81A8-3546A73C84EB}.Debug|Any CPU.ActiveCfg = Debug|Any CPU
		{C0E3E854-04F6-473D-81A8-3546A73C84EB}.Debug|Any CPU.Build.0 = Debug|Any CPU
		{C0E3E854-04F6-473D-81A8-3546A73C84EB}.Debug|x64.ActiveCfg = Debug|Any CPU
		{C0E3E854-04F6-473D-81A8-3546A73C84EB}.Debug|x64.Build.0 = Debug|Any CPU
		{C0E3E854-04F6-473D-81A8-3546A73C84EB}.Debug|x86.ActiveCfg = Debug|Any CPU
		{C0E3E854-04F6-473D-81A8-3546A73C84EB}.Debug|x86.Build.0 = Debug|Any CPU
		{C0E3E854-04F6-473D-81A8-3546A73C84EB}.Release|Any CPU.ActiveCfg = Release|Any CPU
		{C0E3E854-04F6-473D-81A8-3546A73C84EB}.Release|Any CPU.Build.0 = Release|Any CPU
		{C0E3E854-04F6-473D-81A8-3546A73C84EB}.Release|x64.ActiveCfg = Release|Any CPU
		{C0E3E854-04F6-473D-81A8-3546A73C84EB}.Release|x64.Build.0 = Release|Any CPU
		{C0E3E854-04F6-473D-81A8-3546A73C84EB}.Release|x86.ActiveCfg = Release|Any CPU
		{C0E3E854-04F6-473D-81A8-3546A73C84EB}.Release|x86.Build.0 = Release|Any CPU
		{A2F5D87C-43C4-4759-8F57-C76D1B86CC29}.Debug|Any CPU.ActiveCfg = Debug|Any CPU
		{A2F5D87C-43C4-4759-8F57-C76D1B86CC29}.Debug|Any CPU.Build.0 = Debug|Any CPU
		{A2F5D87C-43C4-4759-8F57-C76D1B86CC29}.Debug|x64.ActiveCfg = Debug|Any CPU
		{A2F5D87C-43C4-4759-8F57-C76D1B86CC29}.Debug|x64.Build.0 = Debug|Any CPU
		{A2F5D87C-43C4-4759-8F57-C76D1B86CC29}.Debug|x86.ActiveCfg = Debug|Any CPU
		{A2F5D87C-43C4-4759-8F57-C76D1B86CC29}.Debug|x86.Build.0 = Debug|Any CPU
		{A2F5D87C-43C4-4759-8F57-C76D1B86CC29}.Release|Any CPU.ActiveCfg = Release|Any CPU
		{A2F5D87C-43C4-4759-8F57-C76D1B86CC29}.Release|Any CPU.Build.0 = Release|Any CPU
		{A2F5D87C-43C4-4759-8F57-C76D1B86CC29}.Release|x64.ActiveCfg = Release|Any CPU
		{A2F5D87C-43C4-4759-8F57-C76D1B86CC29}.Release|x64.Build.0 = Release|Any CPU
		{A2F5D87C-43C4-4759-8F57-C76D1B86CC29}.Release|x86.ActiveCfg = Release|Any CPU
		{A2F5D87C-43C4-4759-8F57-C76D1B86CC29}.Release|x86.Build.0 = Release|Any CPU
		{CEF98A49-8E36-4A11-B049-0EE708E49E51}.Debug|Any CPU.ActiveCfg = Debug|Any CPU
		{CEF98A49-8E36-4A11-B049-0EE708E49E51}.Debug|Any CPU.Build.0 = Debug|Any CPU
		{CEF98A49-8E36-4A11-B049-0EE708E49E51}.Debug|x64.ActiveCfg = Debug|Any CPU
		{CEF98A49-8E36-4A11-B049-0EE708E49E51}.Debug|x64.Build.0 = Debug|Any CPU
		{CEF98A49-8E36-4A11-B049-0EE708E49E51}.Debug|x86.ActiveCfg = Debug|Any CPU
		{CEF98A49-8E36-4A11-B049-0EE708E49E51}.Debug|x86.Build.0 = Debug|Any CPU
		{CEF98A49-8E36-4A11-B049-0EE708E49E51}.Release|Any CPU.ActiveCfg = Release|Any CPU
		{CEF98A49-8E36-4A11-B049-0EE708E49E51}.Release|Any CPU.Build.0 = Release|Any CPU
		{CEF98A49-8E36-4A11-B049-0EE708E49E51}.Release|x64.ActiveCfg = Release|Any CPU
		{CEF98A49-8E36-4A11-B049-0EE708E49E51}.Release|x64.Build.0 = Release|Any CPU
		{CEF98A49-8E36-4A11-B049-0EE708E49E51}.Release|x86.ActiveCfg = Release|Any CPU
		{CEF98A49-8E36-4A11-B049-0EE708E49E51}.Release|x86.Build.0 = Release|Any CPU
		{BB3827FE-7DF6-4879-9304-2E0ABAD5AD52}.Debug|Any CPU.ActiveCfg = Debug|Any CPU
		{BB3827FE-7DF6-4879-9304-2E0ABAD5AD52}.Debug|Any CPU.Build.0 = Debug|Any CPU
		{BB3827FE-7DF6-4879-9304-2E0ABAD5AD52}.Debug|x64.ActiveCfg = Debug|Any CPU
		{BB3827FE-7DF6-4879-9304-2E0ABAD5AD52}.Debug|x64.Build.0 = Debug|Any CPU
		{BB3827FE-7DF6-4879-9304-2E0ABAD5AD52}.Debug|x86.ActiveCfg = Debug|Any CPU
		{BB3827FE-7DF6-4879-9304-2E0ABAD5AD52}.Debug|x86.Build.0 = Debug|Any CPU
		{BB3827FE-7DF6-4879-9304-2E0ABAD5AD52}.Release|Any CPU.ActiveCfg = Release|Any CPU
		{BB3827FE-7DF6-4879-9304-2E0ABAD5AD52}.Release|Any CPU.Build.0 = Release|Any CPU
		{BB3827FE-7DF6-4879-9304-2E0ABAD5AD52}.Release|x64.ActiveCfg = Release|Any CPU
		{BB3827FE-7DF6-4879-9304-2E0ABAD5AD52}.Release|x64.Build.0 = Release|Any CPU
		{BB3827FE-7DF6-4879-9304-2E0ABAD5AD52}.Release|x86.ActiveCfg = Release|Any CPU
		{BB3827FE-7DF6-4879-9304-2E0ABAD5AD52}.Release|x86.Build.0 = Release|Any CPU
	EndGlobalSection
	GlobalSection(SolutionProperties) = preSolution
		HideSolutionNode = FALSE
	EndGlobalSection
	GlobalSection(NestedProjects) = preSolution
		{DB306AEE-6B2D-C6E4-CC9F-B7966520E7E7} = {615C63D4-402C-9CCB-D36C-EA8E340E9615}
		{6F6DCE7C-C923-C706-A12F-A96B3644E462} = {615C63D4-402C-9CCB-D36C-EA8E340E9615}
		{605D68A0-6897-1E42-91F8-BEB9A7DD1C1A} = {615C63D4-402C-9CCB-D36C-EA8E340E9615}
		{393330C5-776A-FE83-A71B-20C411B0CF66} = {615C63D4-402C-9CCB-D36C-EA8E340E9615}
		{CA3265B6-1B48-AE34-A836-F3DACF427FA7} = {615C63D4-402C-9CCB-D36C-EA8E340E9615}
		{AF79BB5E-7489-7F71-22CE-775A8BB096AC} = {615C63D4-402C-9CCB-D36C-EA8E340E9615}
		{17DA29A7-0F63-432F-BA22-637468112DCF} = {615C63D4-402C-9CCB-D36C-EA8E340E9615}
		{F25D7584-FAA5-46A2-94A5-C5A1D706154F} = {615C63D4-402C-9CCB-D36C-EA8E340E9615}
		{93992486-6DB2-469A-87DF-04C8519E2596} = {615C63D4-402C-9CCB-D36C-EA8E340E9615}
		{45ED47E8-97D8-455A-8C5B-08C70F1B0263} = {615C63D4-402C-9CCB-D36C-EA8E340E9615}
		{F13AA26E-928F-4FA2-8A17-C8180506C8CA} = {615C63D4-402C-9CCB-D36C-EA8E340E9615}
		{CD4652C3-18F7-416D-A522-13BF93C03E92} = {615C63D4-402C-9CCB-D36C-EA8E340E9615}
		{DA472063-EC06-42B0-BA13-898E4902A661} = {615C63D4-402C-9CCB-D36C-EA8E340E9615}
		{3D4F0A87-7C4C-444A-BC2D-5F584546A9FF} = {615C63D4-402C-9CCB-D36C-EA8E340E9615}
		{A1BA335F-54E9-48CE-A63B-071FD75BF536} = {615C63D4-402C-9CCB-D36C-EA8E340E9615}
		{7DCCF028-9612-4B7E-9174-7BDB4E7F85E6} = {615C63D4-402C-9CCB-D36C-EA8E340E9615}
		{D60C798A-1FAF-49DA-8758-62BDA03D4231} = {615C63D4-402C-9CCB-D36C-EA8E340E9615}
		{3BD7B515-850C-463A-823D-66F03C4F45F5} = {615C63D4-402C-9CCB-D36C-EA8E340E9615}
		{084E167A-7A6F-4732-9A80-143BE9B810A6} = {615C63D4-402C-9CCB-D36C-EA8E340E9615}
		{1C7A3C22-C9C6-44C4-A412-BCF574D24E5D} = {615C63D4-402C-9CCB-D36C-EA8E340E9615}
		{69D75509-C82D-4851-84E3-80DAAE51CC9D} = {615C63D4-402C-9CCB-D36C-EA8E340E9615}
		{288B1A77-DF8F-4523-A084-45F4A2BC5576} = {615C63D4-402C-9CCB-D36C-EA8E340E9615}
		{A77045A8-BC21-4755-A716-27B94F1A46D0} = {615C63D4-402C-9CCB-D36C-EA8E340E9615}
		{5F18C3BA-FA50-4B2F-A9C5-5A9C704F5E1E} = {615C63D4-402C-9CCB-D36C-EA8E340E9615}
		{749B44D6-C1D6-49E3-B4F5-7497394AF74D} = {615C63D4-402C-9CCB-D36C-EA8E340E9615}
		{C1666D9D-74BB-46A8-A268-392B95DF28CB} = {615C63D4-402C-9CCB-D36C-EA8E340E9615}
		{BE842C76-C729-41CB-A6E6-B3C964225D06} = {615C63D4-402C-9CCB-D36C-EA8E340E9615}
		{2FB1A1B5-C2A2-4302-B960-B76EC8971B5F} = {615C63D4-402C-9CCB-D36C-EA8E340E9615}
		{84E3DAD7-1D3D-462D-8CB3-4F01C60B4B23} = {615C63D4-402C-9CCB-D36C-EA8E340E9615}
		{44A7F47F-1EA8-45DC-8C91-4B513EF8DDE0} = {615C63D4-402C-9CCB-D36C-EA8E340E9615}
		{33006559-6A79-41D8-BC25-7EDA9EC0C46D} = {615C63D4-402C-9CCB-D36C-EA8E340E9615}
		{7CF03AAD-F536-4C94-BCBF-0C66497452FD} = {615C63D4-402C-9CCB-D36C-EA8E340E9615}
		{A5759BF3-1D62-46D9-8784-22FB0D1A830C} = {615C63D4-402C-9CCB-D36C-EA8E340E9615}
		{A89719CE-3323-4CA8-B9E4-C490AEEF5E0C} = {615C63D4-402C-9CCB-D36C-EA8E340E9615}
		{C68CED61-EE2F-4025-88B1-5504A2019AB8} = {615C63D4-402C-9CCB-D36C-EA8E340E9615}
		{E40660B6-8910-405B-8B5D-814E981D31BE} = {615C63D4-402C-9CCB-D36C-EA8E340E9615}
		{D57F8C95-CEBD-4ECE-8724-ADE07F8498B2} = {615C63D4-402C-9CCB-D36C-EA8E340E9615}
		{1B01BD32-97B4-436A-9E09-8CF79D20C6CB} = {615C63D4-402C-9CCB-D36C-EA8E340E9615}
		{94D9F537-195B-49C1-BC66-50423F969CC1} = {615C63D4-402C-9CCB-D36C-EA8E340E9615}
		{5645BE60-2E5E-4CA5-9C0B-05E68A63DA02} = {615C63D4-402C-9CCB-D36C-EA8E340E9615}
		{702CB6C2-BCE2-46FA-8AE6-354A3F5B134D} = {615C63D4-402C-9CCB-D36C-EA8E340E9615}
		{F62E1FD4-8982-48BB-9205-414CE0555EB2} = {615C63D4-402C-9CCB-D36C-EA8E340E9615}
		{F88EBA73-5EBC-45D5-A763-55AB84FFC16D} = {615C63D4-402C-9CCB-D36C-EA8E340E9615}
		{92399D11-749B-4135-A432-1E3F75240B78} = {615C63D4-402C-9CCB-D36C-EA8E340E9615}
		{C0E3E854-04F6-473D-81A8-3546A73C84EB} = {615C63D4-402C-9CCB-D36C-EA8E340E9615}
		{A2F5D87C-43C4-4759-8F57-C76D1B86CC29} = {615C63D4-402C-9CCB-D36C-EA8E340E9615}
		{CEF98A49-8E36-4A11-B049-0EE708E49E51} = {615C63D4-402C-9CCB-D36C-EA8E340E9615}
		{BB3827FE-7DF6-4879-9304-2E0ABAD5AD52} = {615C63D4-402C-9CCB-D36C-EA8E340E9615}
	EndGlobalSection
	GlobalSection(ExtensibilityGlobals) = postSolution
		SolutionGuid = {115F9385-630A-447F-A661-0C629B4BCEF9}
	EndGlobalSection
EndGlobal
